schema: '2.0'
stages:
  load_data:
    cmd: python src/load_data.py
    deps:
    - path: src/load_data.py
      md5: c5787b0916e011ea4a83c7d461325188
      size: 240
    outs:
    - path: output/data.pkl
      md5: 35353c71da0985eed8bb507bbc53bd91
      size: 54950285
  train:
    cmd: python src/train.py
    deps:
    - path: output/data.pkl
      md5: 35353c71da0985eed8bb507bbc53bd91
      size: 54950285
    - path: src/train.py
      md5: b2b36c7878bfafa294bb9a963b97d115
      size: 2521
    params:
      params.yaml:
        train.batch_size: 128
        train.dropout: 0.4
        train.hidden_units: 64
        train.lr: 0.001
        train.num_epochs: 1
    outs:
    - path: output/model.h5
      md5: 1921549610f7795d4e1ac7414ca7331f
      size: 3680480
    - path: output/train/train_accuracy.csv
      md5: b289c28748a0b107451bdf1fa4fefac7
      size: 36
    - path: output/train/train_loss.csv
      md5: 4105d9d691d60b68d3a9281752527f3c
      size: 32
  evaluate:
    cmd: python src/evaluate.py
    deps:
    - path: output/data.pkl
      md5: 35353c71da0985eed8bb507bbc53bd91
      size: 54950285
    - path: output/model.h5
      md5: 1921549610f7795d4e1ac7414ca7331f
      size: 3680480
    - path: src/evaluate.py
      md5: f47b3d7ba60480bea991455194cd39ff
      size: 1619
    outs:
    - path: output/metrics.json
      md5: 54cdbb88853279ba988782e1031a0c8c
      size: 59
    - path: output/samples.png
      md5: 640f1ec2acdaed6bd9e76d81e0b9a4e7
      size: 260381
    - path: output/test/predicted_classes.json
      md5: 984cdb6e189db48ee5be4a2062ff1fc5
      size: 284
    - path: output/test/predictions.json
      md5: dc0698c9faa7e17e98f11a45b2cea784
      size: 310000
